
Microsoft Visual Studio Solution File, Format Version 12.00
# Visual Studio 2013
VisualStudioVersion = 12.0.31101.0
MinimumVisualStudioVersion = 10.0.40219.1
Project("{2150E333-8FDC-42A3-9474-1A3956D46DE8}") = "Infrastructure", "Infrastructure", "{79B5BED3-DC87-4A25-8D93-6FCF22BD0B04}"
EndProject
Project("{2150E333-8FDC-42A3-9474-1A3956D46DE8}") = "BusinessLogic", "BusinessLogic", "{7C9A4EF5-7773-4C5A-AF65-A0E4D3A21992}"
EndProject
Project("{2150E333-8FDC-42A3-9474-1A3956D46DE8}") = "DataAccess", "DataAccess", "{14B16525-57A9-4BCB-96E5-88BBDE023D19}"
EndProject
Project("{FAE04EC0-301F-11D3-BF4B-00C04F79EFBC}") = "CodeFirstIOCDemo.Dao.Core", "DataAccess\Vowei.Dao.Core\CodeFirstIOCDemo.Dao.Core.csproj", "{CA30EE6C-4AF9-4082-9916-0046FE7B64E9}"
EndProject
Project("{FAE04EC0-301F-11D3-BF4B-00C04F79EFBC}") = "CodeFirstIOCDemo.Dao.Frameworks", "DataAccess\Vowei.Dao.Frameworks\CodeFirstIOCDemo.Dao.Frameworks.csproj", "{3AEB0AFA-6791-4A14-A4D5-EA03D66E3252}"
EndProject
Project("{FAE04EC0-301F-11D3-BF4B-00C04F79EFBC}") = "CodeFirstIOCDemo.BusinessLogic.Core", "BusinessLogic\Vowei.BusinessLogic.Core\CodeFirstIOCDemo.BusinessLogic.Core.csproj", "{5C33E5F9-7F00-4C52-9E31-2CE34FAE04A5}"
EndProject
Project("{FAE04EC0-301F-11D3-BF4B-00C04F79EFBC}") = "CodeFirstIOCDemo.BusinessLogic.Frameworks", "BusinessLogic\Vowei.BusinessLogic.Frameworks\CodeFirstIOCDemo.BusinessLogic.Frameworks.csproj", "{7B09DA94-6D88-4101-9A68-ACCDBF0E09A8}"
EndProject
Project("{2150E333-8FDC-42A3-9474-1A3956D46DE8}") = "Web", "Web", "{2528DBB3-D57B-4EE2-81A7-831D8D4F603E}"
EndProject
Project("{FAE04EC0-301F-11D3-BF4B-00C04F79EFBC}") = "CodeFirstIOCDemo.Dao.Tools", "DataAccess\Vowei.Dao.Tools\CodeFirstIOCDemo.Dao.Tools.csproj", "{D26F7928-1FE0-494D-A9A8-6FB873ECA4EC}"
EndProject
Project("{2150E333-8FDC-42A3-9474-1A3956D46DE8}") = ".nuget", ".nuget", "{DCEDB86E-8301-4A61-A06E-B5786250C873}"
	ProjectSection(SolutionItems) = preProject
		.nuget\packages.config = .nuget\packages.config
	EndProjectSection
EndProject
Project("{FAE04EC0-301F-11D3-BF4B-00C04F79EFBC}") = "CodeFirstIOCDemo.Api", "Web\Kvdp.Api\CodeFirstIOCDemo.Api.csproj", "{8F230C17-12D0-457A-9988-DB4BE7739D07}"
EndProject
Project("{FAE04EC0-301F-11D3-BF4B-00C04F79EFBC}") = "CodeFirstIOCDemo.Core", "Infrastructure\Vowei.Core\CodeFirstIOCDemo.Core.csproj", "{E444C6B9-01F5-4812-AC80-74A0155B9480}"
EndProject
Project("{2150E333-8FDC-42A3-9474-1A3956D46DE8}") = "viCodeFirstIOCDemo", "viCodeFirstIOCDemo", "{C594CC94-5C0A-4DDA-ACB3-C1A276F93725}"
EndProject
Project("{FAE04EC0-301F-11D3-BF4B-00C04F79EFBC}") = "CodeFirstIOCDemo", "vikvon\CodeFirstIOCDemo.csproj", "{E985AC58-549B-43FF-B5BE-FD3ABC384D07}"
EndProject
Project("{FAE04EC0-301F-11D3-BF4B-00C04F79EFBC}") = "CodeFirstIOCDemo.BusinessLogic.Pinyin", "BusinessLogic\Vowei.BusinessLogic.Pinyin\CodeFirstIOCDemo.BusinessLogic.Pinyin.csproj", "{849ECB71-2DBB-40F5-B82A-4D0F594B551D}"
EndProject
Global
	GlobalSection(SolutionConfigurationPlatforms) = preSolution
		Debug|Any CPU = Debug|Any CPU
		Release|Any CPU = Release|Any CPU
		Test|Any CPU = Test|Any CPU
	EndGlobalSection
	GlobalSection(ProjectConfigurationPlatforms) = postSolution
		{CA30EE6C-4AF9-4082-9916-0046FE7B64E9}.Debug|Any CPU.ActiveCfg = Debug|Any CPU
		{CA30EE6C-4AF9-4082-9916-0046FE7B64E9}.Debug|Any CPU.Build.0 = Debug|Any CPU
		{CA30EE6C-4AF9-4082-9916-0046FE7B64E9}.Release|Any CPU.ActiveCfg = Release|Any CPU
		{CA30EE6C-4AF9-4082-9916-0046FE7B64E9}.Release|Any CPU.Build.0 = Release|Any CPU
		{CA30EE6C-4AF9-4082-9916-0046FE7B64E9}.Test|Any CPU.ActiveCfg = Test|Any CPU
		{CA30EE6C-4AF9-4082-9916-0046FE7B64E9}.Test|Any CPU.Build.0 = Test|Any CPU
		{3AEB0AFA-6791-4A14-A4D5-EA03D66E3252}.Debug|Any CPU.ActiveCfg = Debug|Any CPU
		{3AEB0AFA-6791-4A14-A4D5-EA03D66E3252}.Debug|Any CPU.Build.0 = Debug|Any CPU
		{3AEB0AFA-6791-4A14-A4D5-EA03D66E3252}.Release|Any CPU.ActiveCfg = Release|Any CPU
		{3AEB0AFA-6791-4A14-A4D5-EA03D66E3252}.Release|Any CPU.Build.0 = Release|Any CPU
		{3AEB0AFA-6791-4A14-A4D5-EA03D66E3252}.Test|Any CPU.ActiveCfg = Test|Any CPU
		{3AEB0AFA-6791-4A14-A4D5-EA03D66E3252}.Test|Any CPU.Build.0 = Test|Any CPU
		{5C33E5F9-7F00-4C52-9E31-2CE34FAE04A5}.Debug|Any CPU.ActiveCfg = Debug|Any CPU
		{5C33E5F9-7F00-4C52-9E31-2CE34FAE04A5}.Debug|Any CPU.Build.0 = Debug|Any CPU
		{5C33E5F9-7F00-4C52-9E31-2CE34FAE04A5}.Release|Any CPU.ActiveCfg = Release|Any CPU
		{5C33E5F9-7F00-4C52-9E31-2CE34FAE04A5}.Release|Any CPU.Build.0 = Release|Any CPU
		{5C33E5F9-7F00-4C52-9E31-2CE34FAE04A5}.Test|Any CPU.ActiveCfg = Test|Any CPU
		{5C33E5F9-7F00-4C52-9E31-2CE34FAE04A5}.Test|Any CPU.Build.0 = Test|Any CPU
		{7B09DA94-6D88-4101-9A68-ACCDBF0E09A8}.Debug|Any CPU.ActiveCfg = Debug|Any CPU
		{7B09DA94-6D88-4101-9A68-ACCDBF0E09A8}.Debug|Any CPU.Build.0 = Debug|Any CPU
		{7B09DA94-6D88-4101-9A68-ACCDBF0E09A8}.Release|Any CPU.ActiveCfg = Release|Any CPU
		{7B09DA94-6D88-4101-9A68-ACCDBF0E09A8}.Release|Any CPU.Build.0 = Release|Any CPU
		{7B09DA94-6D88-4101-9A68-ACCDBF0E09A8}.Test|Any CPU.ActiveCfg = Test|Any CPU
		{7B09DA94-6D88-4101-9A68-ACCDBF0E09A8}.Test|Any CPU.Build.0 = Test|Any CPU
		{D26F7928-1FE0-494D-A9A8-6FB873ECA4EC}.Debug|Any CPU.ActiveCfg = Debug|Any CPU
		{D26F7928-1FE0-494D-A9A8-6FB873ECA4EC}.Debug|Any CPU.Build.0 = Debug|Any CPU
		{D26F7928-1FE0-494D-A9A8-6FB873ECA4EC}.Release|Any CPU.ActiveCfg = Release|Any CPU
		{D26F7928-1FE0-494D-A9A8-6FB873ECA4EC}.Release|Any CPU.Build.0 = Release|Any CPU
		{D26F7928-1FE0-494D-A9A8-6FB873ECA4EC}.Test|Any CPU.ActiveCfg = Test|Any CPU
		{D26F7928-1FE0-494D-A9A8-6FB873ECA4EC}.Test|Any CPU.Build.0 = Test|Any CPU
		{8F230C17-12D0-457A-9988-DB4BE7739D07}.Debug|Any CPU.ActiveCfg = Debug|Any CPU
		{8F230C17-12D0-457A-9988-DB4BE7739D07}.Debug|Any CPU.Build.0 = Debug|Any CPU
		{8F230C17-12D0-457A-9988-DB4BE7739D07}.Release|Any CPU.ActiveCfg = Release|Any CPU
		{8F230C17-12D0-457A-9988-DB4BE7739D07}.Release|Any CPU.Build.0 = Release|Any CPU
		{8F230C17-12D0-457A-9988-DB4BE7739D07}.Test|Any CPU.ActiveCfg = Test|Any CPU
		{8F230C17-12D0-457A-9988-DB4BE7739D07}.Test|Any CPU.Build.0 = Test|Any CPU
		{E444C6B9-01F5-4812-AC80-74A0155B9480}.Debug|Any CPU.ActiveCfg = Debug|Any CPU
		{E444C6B9-01F5-4812-AC80-74A0155B9480}.Debug|Any CPU.Build.0 = Debug|Any CPU
		{E444C6B9-01F5-4812-AC80-74A0155B9480}.Release|Any CPU.ActiveCfg = Release|Any CPU
		{E444C6B9-01F5-4812-AC80-74A0155B9480}.Release|Any CPU.Build.0 = Release|Any CPU
		{E444C6B9-01F5-4812-AC80-74A0155B9480}.Test|Any CPU.ActiveCfg = Test|Any CPU
		{E444C6B9-01F5-4812-AC80-74A0155B9480}.Test|Any CPU.Build.0 = Test|Any CPU
		{E985AC58-549B-43FF-B5BE-FD3ABC384D07}.Debug|Any CPU.ActiveCfg = Debug|Any CPU
		{E985AC58-549B-43FF-B5BE-FD3ABC384D07}.Debug|Any CPU.Build.0 = Debug|Any CPU
		{E985AC58-549B-43FF-B5BE-FD3ABC384D07}.Release|Any CPU.ActiveCfg = Release|Any CPU
		{E985AC58-549B-43FF-B5BE-FD3ABC384D07}.Release|Any CPU.Build.0 = Release|Any CPU
		{E985AC58-549B-43FF-B5BE-FD3ABC384D07}.Test|Any CPU.ActiveCfg = Release|Any CPU
		{E985AC58-549B-43FF-B5BE-FD3ABC384D07}.Test|Any CPU.Build.0 = Release|Any CPU
		{849ECB71-2DBB-40F5-B82A-4D0F594B551D}.Debug|Any CPU.ActiveCfg = Debug|Any CPU
		{849ECB71-2DBB-40F5-B82A-4D0F594B551D}.Debug|Any CPU.Build.0 = Debug|Any CPU
		{849ECB71-2DBB-40F5-B82A-4D0F594B551D}.Release|Any CPU.ActiveCfg = Release|Any CPU
		{849ECB71-2DBB-40F5-B82A-4D0F594B551D}.Release|Any CPU.Build.0 = Release|Any CPU
		{849ECB71-2DBB-40F5-B82A-4D0F594B551D}.Test|Any CPU.ActiveCfg = Release|Any CPU
		{849ECB71-2DBB-40F5-B82A-4D0F594B551D}.Test|Any CPU.Build.0 = Release|Any CPU
	EndGlobalSection
	GlobalSection(SolutionProperties) = preSolution
		HideSolutionNode = FALSE
	EndGlobalSection
	GlobalSection(NestedProjects) = preSolution
		{CA30EE6C-4AF9-4082-9916-0046FE7B64E9} = {14B16525-57A9-4BCB-96E5-88BBDE023D19}
		{3AEB0AFA-6791-4A14-A4D5-EA03D66E3252} = {14B16525-57A9-4BCB-96E5-88BBDE023D19}
		{5C33E5F9-7F00-4C52-9E31-2CE34FAE04A5} = {7C9A4EF5-7773-4C5A-AF65-A0E4D3A21992}
		{7B09DA94-6D88-4101-9A68-ACCDBF0E09A8} = {7C9A4EF5-7773-4C5A-AF65-A0E4D3A21992}
		{D26F7928-1FE0-494D-A9A8-6FB873ECA4EC} = {14B16525-57A9-4BCB-96E5-88BBDE023D19}
		{8F230C17-12D0-457A-9988-DB4BE7739D07} = {2528DBB3-D57B-4EE2-81A7-831D8D4F603E}
		{E444C6B9-01F5-4812-AC80-74A0155B9480} = {79B5BED3-DC87-4A25-8D93-6FCF22BD0B04}
		{E985AC58-549B-43FF-B5BE-FD3ABC384D07} = {C594CC94-5C0A-4DDA-ACB3-C1A276F93725}
		{849ECB71-2DBB-40F5-B82A-4D0F594B551D} = {7C9A4EF5-7773-4C5A-AF65-A0E4D3A21992}
	EndGlobalSection
EndGlobal
